// !$*UTF8*$!
{
	archiveVersion = 1;
	classes = {
	};
	objectVersion = 48;
	objects = {

/* Begin PBXBuildFile section */
		46D2F1EB21FB6AB700159E2A /* AppDelegate.swift in Sources */ = {isa = PBXBuildFile; fileRef = 46D2F1E321FB6AB700159E2A /* AppDelegate.swift */; };
		46D2F1EC21FB6AB700159E2A /* Assets.xcassets in Resources */ = {isa = PBXBuildFile; fileRef = 46D2F1E421FB6AB700159E2A /* Assets.xcassets */; };
		46D2F1ED21FB6AB700159E2A /* LaunchScreen.storyboard in Resources */ = {isa = PBXBuildFile; fileRef = 46D2F1E521FB6AB700159E2A /* LaunchScreen.storyboard */; };
		46D2F1EE21FB6AB700159E2A /* Main.storyboard in Resources */ = {isa = PBXBuildFile; fileRef = 46D2F1E721FB6AB700159E2A /* Main.storyboard */; };
		46D2F1EF21FB6AB700159E2A /* Info.plist in Resources */ = {isa = PBXBuildFile; fileRef = 46D2F1E921FB6AB700159E2A /* Info.plist */; };
		46D2F1F021FB6AB700159E2A /* ViewController.swift in Sources */ = {isa = PBXBuildFile; fileRef = 46D2F1EA21FB6AB700159E2A /* ViewController.swift */; };
		46D2F1F721FB6AC300159E2A /* Article+CoreDataClass.swift in Sources */ = {isa = PBXBuildFile; fileRef = 46D2F1F221FB6AC300159E2A /* Article+CoreDataClass.swift */; };
		46D2F1F821FB6AC300159E2A /* Article+CoreDataProperties.swift in Sources */ = {isa = PBXBuildFile; fileRef = 46D2F1F321FB6AC300159E2A /* Article+CoreDataProperties.swift */; };
		46D2F1F921FB6AC300159E2A /* article.xcdatamodeld in Sources */ = {isa = PBXBuildFile; fileRef = 46D2F1F421FB6AC300159E2A /* article.xcdatamodeld */; };
		46D2F1FA21FB6AC300159E2A /* ArticleManager.swift in Sources */ = {isa = PBXBuildFile; fileRef = 46D2F1F621FB6AC300159E2A /* ArticleManager.swift */; };
		46D2F1FC21FB6AD300159E2A /* agordiyc2019.podspec in Resources */ = {isa = PBXBuildFile; fileRef = 46D2F1FB21FB6AD300159E2A /* agordiyc2019.podspec */; };
/* End PBXBuildFile section */

/* Begin PBXFileReference section */
		46D2F1E321FB6AB700159E2A /* AppDelegate.swift */ = {isa = PBXFileReference; fileEncoding = 4; lastKnownFileType = sourcecode.swift; path = AppDelegate.swift; sourceTree = "<group>"; };
		46D2F1E421FB6AB700159E2A /* Assets.xcassets */ = {isa = PBXFileReference; lastKnownFileType = folder.assetcatalog; path = Assets.xcassets; sourceTree = "<group>"; };
		46D2F1E621FB6AB700159E2A /* Base */ = {isa = PBXFileReference; lastKnownFileType = file.storyboard; name = Base; path = Base.lproj/LaunchScreen.storyboard; sourceTree = "<group>"; };
		46D2F1E821FB6AB700159E2A /* Base */ = {isa = PBXFileReference; lastKnownFileType = file.storyboard; name = Base; path = Base.lproj/Main.storyboard; sourceTree = "<group>"; };
		46D2F1E921FB6AB700159E2A /* Info.plist */ = {isa = PBXFileReference; fileEncoding = 4; lastKnownFileType = text.plist.xml; path = Info.plist; sourceTree = "<group>"; };
		46D2F1EA21FB6AB700159E2A /* ViewController.swift */ = {isa = PBXFileReference; fileEncoding = 4; lastKnownFileType = sourcecode.swift; path = ViewController.swift; sourceTree = "<group>"; };
		46D2F1F221FB6AC300159E2A /* Article+CoreDataClass.swift */ = {isa = PBXFileReference; fileEncoding = 4; lastKnownFileType = sourcecode.swift; path = "Article+CoreDataClass.swift"; sourceTree = "<group>"; };
		46D2F1F321FB6AC300159E2A /* Article+CoreDataProperties.swift */ = {isa = PBXFileReference; fileEncoding = 4; lastKnownFileType = sourcecode.swift; path = "Article+CoreDataProperties.swift"; sourceTree = "<group>"; };
		46D2F1F521FB6AC300159E2A /* day08.xcdatamodel */ = {isa = PBXFileReference; lastKnownFileType = wrapper.xcdatamodel; path = day08.xcdatamodel; sourceTree = "<group>"; };
		46D2F1F621FB6AC300159E2A /* ArticleManager.swift */ = {isa = PBXFileReference; fileEncoding = 4; lastKnownFileType = sourcecode.swift; path = ArticleManager.swift; sourceTree = "<group>"; };
		46D2F1FB21FB6AD300159E2A /* agordiyc2019.podspec */ = {isa = PBXFileReference; fileEncoding = 4; lastKnownFileType = text; path = agordiyc2019.podspec; sourceTree = "<group>"; };
		46D6752D21FB575E00EC3F57 /* day08.app */ = {isa = PBXFileReference; explicitFileType = wrapper.application; includeInIndex = 0; path = day08.app; sourceTree = BUILT_PRODUCTS_DIR; };
/* End PBXFileReference section */

/* Begin PBXFrameworksBuildPhase section */
		46D6752A21FB575E00EC3F57 /* Frameworks */ = {
			isa = PBXFrameworksBuildPhase;
			buildActionMask = 2147483647;
			files = (
			);
			runOnlyForDeploymentPostprocessing = 0;
		};
/* End PBXFrameworksBuildPhase section */

/* Begin PBXGroup section */
		46D2F1E221FB6AB700159E2A /* day08 */ = {
			isa = PBXGroup;
			children = (
				46D2F1E321FB6AB700159E2A /* AppDelegate.swift */,
				46D2F1E421FB6AB700159E2A /* Assets.xcassets */,
				46D2F1E521FB6AB700159E2A /* LaunchScreen.storyboard */,
				46D2F1E721FB6AB700159E2A /* Main.storyboard */,
				46D2F1E921FB6AB700159E2A /* Info.plist */,
				46D2F1EA21FB6AB700159E2A /* ViewController.swift */,
			);
			path = day08;
			sourceTree = "<group>";
		};
		46D2F1F121FB6AC300159E2A /* Pod */ = {
			isa = PBXGroup;
			children = (
				46D2F1F221FB6AC300159E2A /* Article+CoreDataClass.swift */,
				46D2F1F321FB6AC300159E2A /* Article+CoreDataProperties.swift */,
				46D2F1F421FB6AC300159E2A /* article.xcdatamodeld */,
				46D2F1F621FB6AC300159E2A /* ArticleManager.swift */,
			);
			path = Pod;
			sourceTree = "<group>";
		};
		46D6752421FB575E00EC3F57 = {
			isa = PBXGroup;
			children = (
				46D2F1FB21FB6AD300159E2A /* agordiyc2019.podspec */,
				46D2F1F121FB6AC300159E2A /* Pod */,
				46D2F1E221FB6AB700159E2A /* day08 */,
				46D6752E21FB575E00EC3F57 /* Products */,
			);
			sourceTree = "<group>";
		};
		46D6752E21FB575E00EC3F57 /* Products */ = {
			isa = PBXGroup;
			children = (
				46D6752D21FB575E00EC3F57 /* day08.app */,
			);
			name = Products;
			sourceTree = "<group>";
		};
/* End PBXGroup section */

/* Begin PBXNativeTarget section */
		46D6752C21FB575E00EC3F57 /* day08 */ = {
			isa = PBXNativeTarget;
			buildConfigurationList = 46D6754221FB575E00EC3F57 /* Build configuration list for PBXNativeTarget "day08" */;
			buildPhases = (
				46D6752921FB575E00EC3F57 /* Sources */,
				46D6752A21FB575E00EC3F57 /* Frameworks */,
				46D6752B21FB575E00EC3F57 /* Resources */,
			);
			buildRules = (
			);
			dependencies = (
			);
			name = day08;
			productName = day08;
			productReference = 46D6752D21FB575E00EC3F57 /* day08.app */;
			productType = "com.apple.product-type.application";
		};
/* End PBXNativeTarget section */

/* Begin PBXProject section */
		46D6752521FB575E00EC3F57 /* Project object */ = {
			isa = PBXProject;
			attributes = {
				LastSwiftUpdateCheck = 0920;
				LastUpgradeCheck = 0920;
				ORGANIZATIONNAME = "Andriy GORDIYCHUK";
				TargetAttributes = {
					46D6752C21FB575E00EC3F57 = {
						CreatedOnToolsVersion = 9.2;
						ProvisioningStyle = Automatic;
					};
				};
			};
			buildConfigurationList = 46D6752821FB575E00EC3F57 /* Build configuration list for PBXProject "day08" */;
			compatibilityVersion = "Xcode 8.0";
			developmentRegion = en;
			hasScannedForEncodings = 0;
			knownRegions = (
				en,
				Base,
			);
			mainGroup = 46D6752421FB575E00EC3F57;
			productRefGroup = 46D6752E21FB575E00EC3F57 /* Products */;
			projectDirPath = "";
			projectRoot = "";
			targets = (
				46D6752C21FB575E00EC3F57 /* day08 */,
			);
		};
/* End PBXProject section */

/* Begin PBXResourcesBuildPhase section */
		46D6752B21FB575E00EC3F57 /* Resources */ = {
			isa = PBXResourcesBuildPhase;
			buildActionMask = 2147483647;
			files = (
				46D2F1EC21FB6AB700159E2A /* Assets.xcassets in Resources */,
				46D2F1FC21FB6AD300159E2A /* agordiyc2019.podspec in Resources */,
				46D2F1EE21FB6AB700159E2A /* Main.storyboard in Resources */,
				46D2F1ED21FB6AB700159E2A /* LaunchScreen.storyboard in Resources */,
				46D2F1EF21FB6AB700159E2A /* Info.plist in Resources */,
			);
			runOnlyForDeploymentPostprocessing = 0;
		};
/* End PBXResourcesBuildPhase section */

/* Begin PBXSourcesBuildPhase section */
		46D6752921FB575E00EC3F57 /* Sources */ = {
			isa = PBXSourcesBuildPhase;
			buildActionMask = 2147483647;
			files = (
				46D2F1F821FB6AC300159E2A /* Article+CoreDataProperties.swift in Sources */,
				46D2F1F721FB6AC300159E2A /* Article+CoreDataClass.swift in Sources */,
				46D2F1EB21FB6AB700159E2A /* AppDelegate.swift in Sources */,
				46D2F1F921FB6AC300159E2A /* article.xcdatamodeld in Sources */,
				46D2F1FA21FB6AC300159E2A /* ArticleManager.swift in Sources */,
				46D2F1F021FB6AB700159E2A /* ViewController.swift in Sources */,
			);
			runOnlyForDeploymentPostprocessing = 0;
		};
/* End PBXSourcesBuildPhase section */

/* Begin PBXVariantGroup section */
		46D2F1E521FB6AB700159E2A /* LaunchScreen.storyboard */ = {
			isa = PBXVariantGroup;
			children = (
				46D2F1E621FB6AB700159E2A /* Base */,
			);
			name = LaunchScreen.storyboard;
			sourceTree = "<group>";
		};
		46D2F1E721FB6AB700159E2A /* Main.storyboard */ = {
			isa = PBXVariantGroup;
			children = (
				46D2F1E821FB6AB700159E2A /* Base */,
			);
			name = Main.storyboard;
			sourceTree = "<group>";
		};
/* End PBXVariantGroup section */

/* Begin XCBuildConfiguration section */
		46D6754021FB575E00EC3F57 /* Debug */ = {
			isa = XCBuildConfiguration;
			buildSettings = {
				ALWAYS_SEARCH_USER_PATHS = NO;
				CLANG_ANALYZER_NONNULL = YES;
				CLANG_ANALYZER_NUMBER_OBJECT_CONVERSION = YES_AGGRESSIVE;
				CLANG_CXX_LANGUAGE_STANDARD = "gnu++14";
				CLANG_CXX_LIBRARY = "libc++";
				CLANG_ENABLE_MODULES = YES;
				CLANG_ENABLE_OBJC_ARC = YES;
				CLANG_WARN_BLOCK_CAPTURE_AUTORELEASING = YES;
				CLANG_WARN_BOOL_CONVERSION = YES;
				CLANG_WARN_COMMA = YES;
				CLANG_WARN_CONSTANT_CONVERSION = YES;
				CLANG_WARN_DIRECT_OBJC_ISA_USAGE = YES_ERROR;
				CLANG_WARN_DOCUMENTATION_COMMENTS = YES;
				CLANG_WARN_EMPTY_BODY = YES;
				CLANG_WARN_ENUM_CONVERSION = YES;
				CLANG_WARN_INFINITE_RECURSION = YES;
				CLANG_WARN_INT_CONVERSION = YES;
				CLANG_WARN_NON_LITERAL_NULL_CONVERSION = YES;
				CLANG_WARN_OBJC_LITERAL_CONVERSION = YES;
				CLANG_WARN_OBJC_ROOT_CLASS = YES_ERROR;
				CLANG_WARN_RANGE_LOOP_ANALYSIS = YES;
				CLANG_WARN_STRICT_PROTOTYPES = YES;
				CLANG_WARN_SUSPICIOUS_MOVE = YES;
				CLANG_WARN_UNGUARDED_AVAILABILITY = YES_AGGRESSIVE;
				CLANG_WARN_UNREACHABLE_CODE = YES;
				CLANG_WARN__DUPLICATE_METHOD_MATCH = YES;
				CODE_SIGN_IDENTITY = "iPhone Developer";
				COPY_PHASE_STRIP = NO;
				DEBUG_INFORMATION_FORMAT = dwarf;
				ENABLE_STRICT_OBJC_MSGSEND = YES;
				ENABLE_TESTABILITY = YES;
				GCC_C_LANGUAGE_STANDARD = gnu11;
				GCC_DYNAMIC_NO_PIC = NO;
				GCC_NO_COMMON_BLOCKS = YES;
				GCC_OPTIMIZATION_LEVEL = 0;
				GCC_PREPROCESSOR_DEFINITIONS = (
					"DEBUG=1",
					"$(inherited)",
				);
				GCC_WARN_64_TO_32_BIT_CONVERSION = YES;
				GCC_WARN_ABOUT_RETURN_TYPE = YES_ERROR;
				GCC_WARN_UNDECLARED_SELECTOR = YES;
				GCC_WARN_UNINITIALIZED_AUTOS = YES_AGGRESSIVE;
				GCC_WARN_UNUSED_FUNCTION = YES;
				GCC_WARN_UNUSED_VARIABLE = YES;
				IPHONEOS_DEPLOYMENT_TARGET = 11.2;
				MTL_ENABLE_DEBUG_INFO = YES;
				ONLY_ACTIVE_ARCH = YES;
				SDKROOT = iphoneos;
				SWIFT_ACTIVE_COMPILATION_CONDITIONS = DEBUG;
				SWIFT_OPTIMIZATION_LEVEL = "-Onone";
			};
			name = Debug;
		};
		46D6754121FB575E00EC3F57 /* Release */ = {
			isa = XCBuildConfiguration;
			buildSettings = {
				ALWAYS_SEARCH_USER_PATHS = NO;
				CLANG_ANALYZER_NONNULL = YES;
				CLANG_ANALYZER_NUMBER_OBJECT_CONVERSION = YES_AGGRESSIVE;
				CLANG_CXX_LANGUAGE_STANDARD = "gnu++14";
				CLANG_CXX_LIBRARY = "libc++";
				CLANG_ENABLE_MODULES = YES;
				CLANG_ENABLE_OBJC_ARC = YES;
				CLANG_WARN_BLOCK_CAPTURE_AUTORELEASING = YES;
				CLANG_WARN_BOOL_CONVERSION = YES;
				CLANG_WARN_COMMA = YES;
				CLANG_WARN_CONSTANT_CONVERSION = YES;
				CLANG_WARN_DIRECT_OBJC_ISA_USAGE = YES_ERROR;
				CLANG_WARN_DOCUMENTATION_COMMENTS = YES;
				CLANG_WARN_EMPTY_BODY = YES;
				CLANG_WARN_ENUM_CONVERSION = YES;
				CLANG_WARN_INFINITE_RECURSION = YES;
				CLANG_WARN_INT_CONVERSION = YES;
				CLANG_WARN_NON_LITERAL_NULL_CONVERSION = YES;
				CLANG_WARN_OBJC_LITERAL_CONVERSION = YES;
				CLANG_WARN_OBJC_ROOT_CLASS = YES_ERROR;
				CLANG_WARN_RANGE_LOOP_ANALYSIS = YES;
				CLANG_WARN_STRICT_PROTOTYPES = YES;
				CLANG_WARN_SUSPICIOUS_MOVE = YES;
				CLANG_WARN_UNGUARDED_AVAILABILITY = YES_AGGRESSIVE;
				CLANG_WARN_UNREACHABLE_CODE = YES;
				CLANG_WARN__DUPLICATE_METHOD_MATCH = YES;
				CODE_SIGN_IDENTITY = "iPhone Developer";
				COPY_PHASE_STRIP = NO;
				DEBUG_INFORMATION_FORMAT = "dwarf-with-dsym";
				ENABLE_NS_ASSERTIONS = NO;
				ENABLE_STRICT_OBJC_MSGSEND = YES;
				GCC_C_LANGUAGE_STANDARD = gnu11;
				GCC_NO_COMMON_BLOCKS = YES;
				GCC_WARN_64_TO_32_BIT_CONVERSION = YES;
				GCC_WARN_ABOUT_RETURN_TYPE = YES_ERROR;
				GCC_WARN_UNDECLARED_SELECTOR = YES;
				GCC_WARN_UNINITIALIZED_AUTOS = YES_AGGRESSIVE;
				GCC_WARN_UNUSED_FUNCTION = YES;
				GCC_WARN_UNUSED_VARIABLE = YES;
				IPHONEOS_DEPLOYMENT_TARGET = 11.2;
				MTL_ENABLE_DEBUG_INFO = NO;
				SDKROOT = iphoneos;
				SWIFT_OPTIMIZATION_LEVEL = "-Owholemodule";
				VALIDATE_PRODUCT = YES;
			};
			name = Release;
		};
		46D6754321FB575E00EC3F57 /* Debug */ = {
			isa = XCBuildConfiguration;
			buildSettings = {
				ASSETCATALOG_COMPILER_APPICON_NAME = AppIcon;
				CODE_SIGN_STYLE = Automatic;
				INFOPLIST_FILE = day08/Info.plist;
				LD_RUNPATH_SEARCH_PATHS = "$(inherited) @executable_path/Frameworks";
				PRODUCT_BUNDLE_IDENTIFIER = com.agordiyc.day08;
				PRODUCT_NAME = "$(TARGET_NAME)";
				SWIFT_VERSION = 4.0;
				TARGETED_DEVICE_FAMILY = "1,2";
			};
			name = Debug;
		};
		46D6754421FB575E00EC3F57 /* Release */ = {
			isa = XCBuildConfiguration;
			buildSettings = {
				ASSETCATALOG_COMPILER_APPICON_NAME = AppIcon;
				CODE_SIGN_STYLE = Automatic;
				INFOPLIST_FILE = day08/Info.plist;
				LD_RUNPATH_SEARCH_PATHS = "$(inherited) @executable_path/Frameworks";
				PRODUCT_BUNDLE_IDENTIFIER = com.agordiyc.day08;
				PRODUCT_NAME = "$(TARGET_NAME)";
				SWIFT_VERSION = 4.0;
				TARGETED_DEVICE_FAMILY = "1,2";
			};
			name = Release;
		};
/* End XCBuildConfiguration section */

/* Begin XCConfigurationList section */
		46D6752821FB575E00EC3F57 /* Build configuration list for PBXProject "day08" */ = {
			isa = XCConfigurationList;
			buildConfigurations = (
				46D6754021FB575E00EC3F57 /* Debug */,
				46D6754121FB575E00EC3F57 /* Release */,
			);
			defaultConfigurationIsVisible = 0;
			defaultConfigurationName = Release;
		};
		46D6754221FB575E00EC3F57 /* Build configuration list for PBXNativeTarget "day08" */ = {
			isa = XCConfigurationList;
			buildConfigurations = (
				46D6754321FB575E00EC3F57 /* Debug */,
				46D6754421FB575E00EC3F57 /* Release */,
			);
			defaultConfigurationIsVisible = 0;
			defaultConfigurationName = Release;
		};
/* End XCConfigurationList section */

/* Begin XCVersionGroup section */
		46D2F1F421FB6AC300159E2A /* article.xcdatamodeld */ = {
			isa = XCVersionGroup;
			children = (
				46D2F1F521FB6AC300159E2A /* day08.xcdatamodel */,
			);
			currentVersion = 46D2F1F521FB6AC300159E2A /* day08.xcdatamodel */;
			path = article.xcdatamodeld;
			sourceTree = "<group>";
			versionGroupType = wrapper.xcdatamodel;
		};
/* End XCVersionGroup section */
	};
	rootObject = 46D6752521FB575E00EC3F57 /* Project object */;
}
